
Microsoft Visual Studio Solution File, Format Version 12.00
# Visual Studio Version 17
VisualStudioVersion = 17.7.34024.191
MinimumVisualStudioVersion = 10.0.40219.1
Project("{9A19103F-16F7-4668-BE54-9A1E7A4F7556}") = "PVA_Zapoctovy_ukol", "PVA_Zapoctovy_ukol\PVA_Zapoctovy_ukol.csproj", "{08241533-DE1B-41C2-B641-30A56243AB19}"
EndProject
Global
	GlobalSection(SolutionConfigurationPlatforms) = preSolution
		Debug|Any CPU = Debug|Any CPU
		Release|Any CPU = Release|Any CPU
	EndGlobalSection
	GlobalSection(ProjectConfigurationPlatforms) = postSolution
		{08241533-DE1B-41C2-B641-30A56243AB19}.Debug|Any CPU.ActiveCfg = Debug|Any CPU
		{08241533-DE1B-41C2-B641-30A56243AB19}.Debug|Any CPU.Build.0 = Debug|Any CPU
		{08241533-DE1B-41C2-B641-30A56243AB19}.Release|Any CPU.ActiveCfg = Release|Any CPU
		{08241533-DE1B-41C2-B641-30A56243AB19}.Release|Any CPU.Build.0 = Release|Any CPU
	EndGlobalSection
	GlobalSection(SolutionProperties) = preSolution
		HideSolutionNode = FALSE
	EndGlobalSection
	GlobalSection(ExtensibilityGlobals) = postSolution
		SolutionGuid = {A44803CC-F0B2-4F6C-9500-E012470B3141}
	EndGlobalSection
EndGlobal
